
Microsoft Visual Studio Solution File, Format Version 12.00
# Visual Studio Version 16
VisualStudioVersion = 16.0.30907.101
MinimumVisualStudioVersion = 10.0.40219.1
Project("{FAE04EC0-301F-11D3-BF4B-00C04F79EFBC}") = "ExperimentWithControls", "ExperimentWithControls\ExperimentWithControls.csproj", "{0CAA71F5-4BE4-44A9-80D7-F65C6FBE2554}"
EndProject
Global
	GlobalSection(SolutionConfigurationPlatforms) = preSolution
		Debug|Any CPU = Debug|Any CPU
		Release|Any CPU = Release|Any CPU
	EndGlobalSection
	GlobalSection(ProjectConfigurationPlatforms) = postSolution
		{0CAA71F5-4BE4-44A9-80D7-F65C6FBE2554}.Debug|Any CPU.ActiveCfg = Debug|Any CPU
		{0CAA71F5-4BE4-44A9-80D7-F65C6FBE2554}.Debug|Any CPU.Build.0 = Debug|Any CPU
		{0CAA71F5-4BE4-44A9-80D7-F65C6FBE2554}.Release|Any CPU.ActiveCfg = Release|Any CPU
		{0CAA71F5-4BE4-44A9-80D7-F65C6FBE2554}.Release|Any CPU.Build.0 = Release|Any CPU
	EndGlobalSection
	GlobalSection(SolutionProperties) = preSolution
		HideSolutionNode = FALSE
	EndGlobalSection
	GlobalSection(ExtensibilityGlobals) = postSolution
		SolutionGuid = {99F33BC8-C22B-4048-8B7D-42D1698F6322}
	EndGlobalSection
EndGlobal
